
Microsoft Visual Studio Solution File, Format Version 12.00
# Visual Studio Version 17
VisualStudioVersion = 17.1.32228.430
MinimumVisualStudioVersion = 10.0.40219.1
Project("{FAE04EC0-301F-11D3-BF4B-00C04F79EFBC}") = "Address_Book", "Address_Book\Address_Book.csproj", "{436066A9-361E-43F6-A2A3-BBC48DBFBB78}"
EndProject
Global
	GlobalSection(SolutionConfigurationPlatforms) = preSolution
		Debug|Any CPU = Debug|Any CPU
		Release|Any CPU = Release|Any CPU
	EndGlobalSection
	GlobalSection(ProjectConfigurationPlatforms) = postSolution
		{436066A9-361E-43F6-A2A3-BBC48DBFBB78}.Debug|Any CPU.ActiveCfg = Debug|Any CPU
		{436066A9-361E-43F6-A2A3-BBC48DBFBB78}.Debug|Any CPU.Build.0 = Debug|Any CPU
		{436066A9-361E-43F6-A2A3-BBC48DBFBB78}.Release|Any CPU.ActiveCfg = Release|Any CPU
		{436066A9-361E-43F6-A2A3-BBC48DBFBB78}.Release|Any CPU.Build.0 = Release|Any CPU
	EndGlobalSection
	GlobalSection(SolutionProperties) = preSolution
		HideSolutionNode = FALSE
	EndGlobalSection
	GlobalSection(ExtensibilityGlobals) = postSolution
		SolutionGuid = {FB338ED5-2BBE-4863-BFA5-DB3E7C111D19}
	EndGlobalSection
EndGlobal
